
Microsoft Visual Studio Solution File, Format Version 12.00
# Visual Studio Version 16
VisualStudioVersion = 16.0.30225.117
MinimumVisualStudioVersion = 10.0.40219.1
Project("{FAE04EC0-301F-11D3-BF4B-00C04F79EFBC}") = "BallonTipApp", "BallonTipApp\BallonTipApp.csproj", "{40ED7249-97E1-4CDE-970F-65F7B9A52C96}"
EndProject
Global
	GlobalSection(SolutionConfigurationPlatforms) = preSolution
		Debug|Any CPU = Debug|Any CPU
		Release|Any CPU = Release|Any CPU
	EndGlobalSection
	GlobalSection(ProjectConfigurationPlatforms) = postSolution
		{40ED7249-97E1-4CDE-970F-65F7B9A52C96}.Debug|Any CPU.ActiveCfg = Debug|Any CPU
		{40ED7249-97E1-4CDE-970F-65F7B9A52C96}.Debug|Any CPU.Build.0 = Debug|Any CPU
		{40ED7249-97E1-4CDE-970F-65F7B9A52C96}.Release|Any CPU.ActiveCfg = Release|Any CPU
		{40ED7249-97E1-4CDE-970F-65F7B9A52C96}.Release|Any CPU.Build.0 = Release|Any CPU
	EndGlobalSection
	GlobalSection(SolutionProperties) = preSolution
		HideSolutionNode = FALSE
	EndGlobalSection
	GlobalSection(ExtensibilityGlobals) = postSolution
		SolutionGuid = {C88E2295-E53F-4A19-A47E-ABB95B86E8DD}
	EndGlobalSection
EndGlobal
