
Microsoft Visual Studio Solution File, Format Version 12.00
# Visual Studio Version 16
VisualStudioVersion = 16.0.30225.117
MinimumVisualStudioVersion = 10.0.40219.1
Project("{FAE04EC0-301F-11D3-BF4B-00C04F79EFBC}") = "NpgsqlWinFormsApp", "NpgsqlWinFormsApp\NpgsqlWinFormsApp.csproj", "{47208B3B-183F-42AF-A630-A8711C5BBE82}"
EndProject
Global
	GlobalSection(SolutionConfigurationPlatforms) = preSolution
		Debug|Any CPU = Debug|Any CPU
		Release|Any CPU = Release|Any CPU
	EndGlobalSection
	GlobalSection(ProjectConfigurationPlatforms) = postSolution
		{47208B3B-183F-42AF-A630-A8711C5BBE82}.Debug|Any CPU.ActiveCfg = Debug|Any CPU
		{47208B3B-183F-42AF-A630-A8711C5BBE82}.Debug|Any CPU.Build.0 = Debug|Any CPU
		{47208B3B-183F-42AF-A630-A8711C5BBE82}.Release|Any CPU.ActiveCfg = Release|Any CPU
		{47208B3B-183F-42AF-A630-A8711C5BBE82}.Release|Any CPU.Build.0 = Release|Any CPU
	EndGlobalSection
	GlobalSection(SolutionProperties) = preSolution
		HideSolutionNode = FALSE
	EndGlobalSection
	GlobalSection(ExtensibilityGlobals) = postSolution
		SolutionGuid = {FE90B3DC-9367-4739-A93C-F9BCA149E7B8}
	EndGlobalSection
EndGlobal
