
Microsoft Visual Studio Solution File, Format Version 12.00
# Visual Studio Version 16
VisualStudioVersion = 16.0.30225.117
MinimumVisualStudioVersion = 10.0.40219.1
Project("{FAE04EC0-301F-11D3-BF4B-00C04F79EFBC}") = "ParsingWebsiteInformation", "ParsingWebsiteInformation\ParsingWebsiteInformation.csproj", "{29278D26-2448-4678-86D0-C5C07CAC369E}"
EndProject
Global
	GlobalSection(SolutionConfigurationPlatforms) = preSolution
		Debug|Any CPU = Debug|Any CPU
		Release|Any CPU = Release|Any CPU
	EndGlobalSection
	GlobalSection(ProjectConfigurationPlatforms) = postSolution
		{29278D26-2448-4678-86D0-C5C07CAC369E}.Debug|Any CPU.ActiveCfg = Debug|Any CPU
		{29278D26-2448-4678-86D0-C5C07CAC369E}.Debug|Any CPU.Build.0 = Debug|Any CPU
		{29278D26-2448-4678-86D0-C5C07CAC369E}.Release|Any CPU.ActiveCfg = Release|Any CPU
		{29278D26-2448-4678-86D0-C5C07CAC369E}.Release|Any CPU.Build.0 = Release|Any CPU
	EndGlobalSection
	GlobalSection(SolutionProperties) = preSolution
		HideSolutionNode = FALSE
	EndGlobalSection
	GlobalSection(ExtensibilityGlobals) = postSolution
		SolutionGuid = {0DD78F46-A5D4-495F-BE6C-F437FC46AC2D}
	EndGlobalSection
EndGlobal
